<Solution>
  <Folder Name="/src/">
    <Project Path="src/CodeSolution.Api/CodeSolution.Api.csproj" />
    <Project Path="src/CodeSolution.Core/CodeSolution.Core.csproj" />
  </Folder>
  <Folder Name="/tests/">
    <Project Path="tests/CodeSolution.Tests/CodeSolution.Tests.csproj" />
  </Folder>
</Solution>
